
Microsoft Visual Studio Solution File, Format Version 12.00
# Visual Studio 15
VisualStudioVersion = 15.0.27703.2042
MinimumVisualStudioVersion = 10.0.40219.1
Project("{FAE04EC0-301F-11D3-BF4B-00C04F79EFBC}") = "Mirages", "Mirages\Mirages.csproj", "{4AFE4F80-F89B-4145-962B-366F464219DF}"
EndProject
Project("{FAE04EC0-301F-11D3-BF4B-00C04F79EFBC}") = "3DEngine", "3DEngine\3DEngine.csproj", "{49DA5F45-2E9B-49C8-A682-B8B02DAD9968}"
EndProject
Global
	GlobalSection(SolutionConfigurationPlatforms) = preSolution
		Debug|Any CPU = Debug|Any CPU
		Release|Any CPU = Release|Any CPU
	EndGlobalSection
	GlobalSection(ProjectConfigurationPlatforms) = postSolution
		{4AFE4F80-F89B-4145-962B-366F464219DF}.Debug|Any CPU.ActiveCfg = Debug|Any CPU
		{4AFE4F80-F89B-4145-962B-366F464219DF}.Debug|Any CPU.Build.0 = Debug|Any CPU
		{4AFE4F80-F89B-4145-962B-366F464219DF}.Release|Any CPU.ActiveCfg = Release|Any CPU
		{4AFE4F80-F89B-4145-962B-366F464219DF}.Release|Any CPU.Build.0 = Release|Any CPU
		{49DA5F45-2E9B-49C8-A682-B8B02DAD9968}.Debug|Any CPU.ActiveCfg = Debug|Any CPU
		{49DA5F45-2E9B-49C8-A682-B8B02DAD9968}.Debug|Any CPU.Build.0 = Debug|Any CPU
		{49DA5F45-2E9B-49C8-A682-B8B02DAD9968}.Release|Any CPU.ActiveCfg = Release|Any CPU
		{49DA5F45-2E9B-49C8-A682-B8B02DAD9968}.Release|Any CPU.Build.0 = Release|Any CPU
	EndGlobalSection
	GlobalSection(SolutionProperties) = preSolution
		HideSolutionNode = FALSE
	EndGlobalSection
	GlobalSection(ExtensibilityGlobals) = postSolution
		SolutionGuid = {81071326-98C2-4971-ACDA-EB431AB1852E}
	EndGlobalSection
EndGlobal
